
Microsoft Visual Studio Solution File, Format Version 12.00
# Visual Studio Version 17
VisualStudioVersion = 17.11.35208.52
MinimumVisualStudioVersion = 10.0.40219.1
Project("{FAE04EC0-301F-11D3-BF4B-00C04F79EFBC}") = "PuntoVenta", "PuntoVenta\PuntoVenta.csproj", "{DE1F1CF8-2A97-4163-9AAC-093372BABA0E}"
EndProject
Global
	GlobalSection(SolutionConfigurationPlatforms) = preSolution
		Debug|Any CPU = Debug|Any CPU
		Release|Any CPU = Release|Any CPU
	EndGlobalSection
	GlobalSection(ProjectConfigurationPlatforms) = postSolution
		{DE1F1CF8-2A97-4163-9AAC-093372BABA0E}.Debug|Any CPU.ActiveCfg = Debug|Any CPU
		{DE1F1CF8-2A97-4163-9AAC-093372BABA0E}.Debug|Any CPU.Build.0 = Debug|Any CPU
		{DE1F1CF8-2A97-4163-9AAC-093372BABA0E}.Debug|Any CPU.Deploy.0 = Debug|Any CPU
		{DE1F1CF8-2A97-4163-9AAC-093372BABA0E}.Release|Any CPU.ActiveCfg = Release|Any CPU
		{DE1F1CF8-2A97-4163-9AAC-093372BABA0E}.Release|Any CPU.Build.0 = Release|Any CPU
		{DE1F1CF8-2A97-4163-9AAC-093372BABA0E}.Release|Any CPU.Deploy.0 = Release|Any CPU
	EndGlobalSection
	GlobalSection(SolutionProperties) = preSolution
		HideSolutionNode = FALSE
	EndGlobalSection
	GlobalSection(ExtensibilityGlobals) = postSolution
		SolutionGuid = {44761C58-6B14-4816-9300-DA350B1EC29C}
	EndGlobalSection
EndGlobal
